
Microsoft Visual Studio Solution File, Format Version 12.00
# Visual Studio Version 17
VisualStudioVersion = 17.11.35327.3
MinimumVisualStudioVersion = 10.0.40219.1
Project("{FAE04EC0-301F-11D3-BF4B-00C04F79EFBC}") = "StaticEmployee", "StaticEmployee.csproj", "{FC3A0D9B-4C59-464A-99C4-93E8C2BAA931}"
EndProject
Global
	GlobalSection(SolutionConfigurationPlatforms) = preSolution
		Debug|Any CPU = Debug|Any CPU
		Release|Any CPU = Release|Any CPU
	EndGlobalSection
	GlobalSection(ProjectConfigurationPlatforms) = postSolution
		{FC3A0D9B-4C59-464A-99C4-93E8C2BAA931}.Debug|Any CPU.ActiveCfg = Debug|Any CPU
		{FC3A0D9B-4C59-464A-99C4-93E8C2BAA931}.Debug|Any CPU.Build.0 = Debug|Any CPU
		{FC3A0D9B-4C59-464A-99C4-93E8C2BAA931}.Release|Any CPU.ActiveCfg = Release|Any CPU
		{FC3A0D9B-4C59-464A-99C4-93E8C2BAA931}.Release|Any CPU.Build.0 = Release|Any CPU
	EndGlobalSection
	GlobalSection(SolutionProperties) = preSolution
		HideSolutionNode = FALSE
	EndGlobalSection
	GlobalSection(ExtensibilityGlobals) = postSolution
		SolutionGuid = {A569462E-435D-48F8-99B9-453DFF38680F}
	EndGlobalSection
EndGlobal
